
Microsoft Visual Studio Solution File, Format Version 12.00
# Visual Studio Version 17
VisualStudioVersion = 17.0.31903.59
MinimumVisualStudioVersion = 10.0.40219.1
Project("{2150E333-8FDC-42A3-9474-1A3956D46DE8}") = "Lesson3", "Lesson3", "{89726AC1-F0FD-4185-99C2-77B7FC592466}"
EndProject
Project("{FAE04EC0-301F-11D3-BF4B-00C04F79EFBC}") = "Task1", "Lesson3\Task1\Task1.csproj", "{2A3E8595-6665-4E83-BC5C-666CEF41900C}"
EndProject
Project("{FAE04EC0-301F-11D3-BF4B-00C04F79EFBC}") = "Task2", "Lesson3\Task2\Task2.csproj", "{0871A62F-9305-4F10-81DE-91E2069FF18D}"
EndProject
Global
	GlobalSection(SolutionConfigurationPlatforms) = preSolution
		Debug|Any CPU = Debug|Any CPU
		Release|Any CPU = Release|Any CPU
	EndGlobalSection
	GlobalSection(SolutionProperties) = preSolution
		HideSolutionNode = FALSE
	EndGlobalSection
	GlobalSection(ProjectConfigurationPlatforms) = postSolution
		{2A3E8595-6665-4E83-BC5C-666CEF41900C}.Debug|Any CPU.ActiveCfg = Debug|Any CPU
		{2A3E8595-6665-4E83-BC5C-666CEF41900C}.Debug|Any CPU.Build.0 = Debug|Any CPU
		{2A3E8595-6665-4E83-BC5C-666CEF41900C}.Release|Any CPU.ActiveCfg = Release|Any CPU
		{2A3E8595-6665-4E83-BC5C-666CEF41900C}.Release|Any CPU.Build.0 = Release|Any CPU
		{0871A62F-9305-4F10-81DE-91E2069FF18D}.Debug|Any CPU.ActiveCfg = Debug|Any CPU
		{0871A62F-9305-4F10-81DE-91E2069FF18D}.Debug|Any CPU.Build.0 = Debug|Any CPU
		{0871A62F-9305-4F10-81DE-91E2069FF18D}.Release|Any CPU.ActiveCfg = Release|Any CPU
		{0871A62F-9305-4F10-81DE-91E2069FF18D}.Release|Any CPU.Build.0 = Release|Any CPU
	EndGlobalSection
	GlobalSection(NestedProjects) = preSolution
		{2A3E8595-6665-4E83-BC5C-666CEF41900C} = {89726AC1-F0FD-4185-99C2-77B7FC592466}
		{0871A62F-9305-4F10-81DE-91E2069FF18D} = {89726AC1-F0FD-4185-99C2-77B7FC592466}
	EndGlobalSection
EndGlobal
